
Microsoft Visual Studio Solution File, Format Version 12.00
# Visual Studio Version 17
VisualStudioVersion = 17.5.33516.290
MinimumVisualStudioVersion = 10.0.40219.1
Project("{FAE04EC0-301F-11D3-BF4B-00C04F79EFBC}") = "Tetris", "Tetris\Tetris.csproj", "{5FED99CD-A5E9-4352-B78A-6A4D88DCFD29}"
EndProject
Global
	GlobalSection(SolutionConfigurationPlatforms) = preSolution
		Debug|Any CPU = Debug|Any CPU
		Release|Any CPU = Release|Any CPU
	EndGlobalSection
	GlobalSection(ProjectConfigurationPlatforms) = postSolution
		{5FED99CD-A5E9-4352-B78A-6A4D88DCFD29}.Debug|Any CPU.ActiveCfg = Debug|Any CPU
		{5FED99CD-A5E9-4352-B78A-6A4D88DCFD29}.Debug|Any CPU.Build.0 = Debug|Any CPU
		{5FED99CD-A5E9-4352-B78A-6A4D88DCFD29}.Release|Any CPU.ActiveCfg = Release|Any CPU
		{5FED99CD-A5E9-4352-B78A-6A4D88DCFD29}.Release|Any CPU.Build.0 = Release|Any CPU
	EndGlobalSection
	GlobalSection(SolutionProperties) = preSolution
		HideSolutionNode = FALSE
	EndGlobalSection
	GlobalSection(ExtensibilityGlobals) = postSolution
		SolutionGuid = {17EFE0D2-2F82-4C18-9B87-EE7EB20F8456}
	EndGlobalSection
EndGlobal
